# This file is automatically @generated by Cargo.
# It is not intended for manual editing.
version = 3

[[package]]
name = "anyhow"
version = "1.0.79"
source = "registry+https://github.com/rust-lang/crates.io-index"
checksum = "080e9890a082662b09c1ad45f567faeeb47f22b5fb23895fbe1e651e718e25ca"

[[package]]
name = "xflags"
version = "0.3.2"
source = "registry+https://github.com/rust-lang/crates.io-index"
checksum = "7d9e15fbb3de55454b0106e314b28e671279009b363e6f1d8e39fdc3bf048944"
dependencies = [
 "xflags-macros",
]

[[package]]
name = "xflags-macros"
version = "0.3.2"
source = "registry+https://github.com/rust-lang/crates.io-index"
checksum = "672423d4fea7ffa2f6c25ba60031ea13dc6258070556f125cc4d790007d4a155"

[[package]]
name = "xshell"
version = "0.1.17"
source = "registry+https://github.com/rust-lang/crates.io-index"
checksum = "eaad2035244c56da05573d4d7fda5f903c60a5f35b9110e157a14a1df45a9f14"
dependencies = [
 "xshell-macros",
]

[[package]]
name = "xshell-macros"
version = "0.1.17"
source = "registry+https://github.com/rust-lang/crates.io-index"
checksum = "4916a4a3cad759e499a3620523bf9545cc162d7a06163727dde97ce9aaa4cf39"

[[package]]
name = "xtask"
version = "0.1.0"
dependencies = [
 "anyhow",
 "xflags",
 "xshell",
]
